
Microsoft Visual Studio Solution File, Format Version 12.00
# Visual Studio Version 17
VisualStudioVersion = 17.0.31903.59
MinimumVisualStudioVersion = 10.0.40219.1
Project("{2150E333-8FDC-42A3-9474-1A3956D46DE8}") = "src", "src", "{2D9EDDBB-F53F-4D98-8070-CBCE66CB0B76}"
EndProject
Project("{FAE04EC0-301F-11D3-BF4B-00C04F79EFBC}") = "SmartParkingLot.Api", "src\SmartParkingLot.Api\SmartParkingLot.Api.csproj", "{12C7EBF8-12BD-453E-8A7A-B830B124AE34}"
EndProject
Project("{FAE04EC0-301F-11D3-BF4B-00C04F79EFBC}") = "SmartParkingLot.Domain", "src\SmartParkingLot.Domain\SmartParkingLot.Domain.csproj", "{4BF23D77-9600-439E-8B8D-67E5D8123D4F}"
EndProject
Project("{FAE04EC0-301F-11D3-BF4B-00C04F79EFBC}") = "SmartParkingLot.Infrastructure", "src\SmartParkingLot.Infrastructure\SmartParkingLot.Infrastructure.csproj", "{C57FBDDA-E7A2-46A3-864B-7A38A3A01F50}"
EndProject
Project("{2150E333-8FDC-42A3-9474-1A3956D46DE8}") = "tests", "tests", "{929BD72F-FE59-4AF7-88B5-8025ED08D586}"
EndProject
Project("{FAE04EC0-301F-11D3-BF4B-00C04F79EFBC}") = "SmartParkingLot.Domain.Tests", "tests\SmartParkingLot.Domain.Tests\SmartParkingLot.Domain.Tests.csproj", "{3D8C85D3-DDBD-4062-BE0A-B8B362158094}"
EndProject
Global
	GlobalSection(SolutionConfigurationPlatforms) = preSolution
		Debug|Any CPU = Debug|Any CPU
		Release|Any CPU = Release|Any CPU
	EndGlobalSection
	GlobalSection(ProjectConfigurationPlatforms) = postSolution
		{12C7EBF8-12BD-453E-8A7A-B830B124AE34}.Debug|Any CPU.ActiveCfg = Debug|Any CPU
		{12C7EBF8-12BD-453E-8A7A-B830B124AE34}.Debug|Any CPU.Build.0 = Debug|Any CPU
		{12C7EBF8-12BD-453E-8A7A-B830B124AE34}.Release|Any CPU.ActiveCfg = Release|Any CPU
		{12C7EBF8-12BD-453E-8A7A-B830B124AE34}.Release|Any CPU.Build.0 = Release|Any CPU
		{4BF23D77-9600-439E-8B8D-67E5D8123D4F}.Debug|Any CPU.ActiveCfg = Debug|Any CPU
		{4BF23D77-9600-439E-8B8D-67E5D8123D4F}.Debug|Any CPU.Build.0 = Debug|Any CPU
		{4BF23D77-9600-439E-8B8D-67E5D8123D4F}.Release|Any CPU.ActiveCfg = Release|Any CPU
		{4BF23D77-9600-439E-8B8D-67E5D8123D4F}.Release|Any CPU.Build.0 = Release|Any CPU
		{C57FBDDA-E7A2-46A3-864B-7A38A3A01F50}.Debug|Any CPU.ActiveCfg = Debug|Any CPU
		{C57FBDDA-E7A2-46A3-864B-7A38A3A01F50}.Debug|Any CPU.Build.0 = Debug|Any CPU
		{C57FBDDA-E7A2-46A3-864B-7A38A3A01F50}.Release|Any CPU.ActiveCfg = Release|Any CPU
		{C57FBDDA-E7A2-46A3-864B-7A38A3A01F50}.Release|Any CPU.Build.0 = Release|Any CPU
		{3D8C85D3-DDBD-4062-BE0A-B8B362158094}.Debug|Any CPU.ActiveCfg = Debug|Any CPU
		{3D8C85D3-DDBD-4062-BE0A-B8B362158094}.Debug|Any CPU.Build.0 = Debug|Any CPU
		{3D8C85D3-DDBD-4062-BE0A-B8B362158094}.Release|Any CPU.ActiveCfg = Release|Any CPU
		{3D8C85D3-DDBD-4062-BE0A-B8B362158094}.Release|Any CPU.Build.0 = Release|Any CPU
	EndGlobalSection
	GlobalSection(SolutionProperties) = preSolution
		HideSolutionNode = FALSE
	EndGlobalSection
	GlobalSection(NestedProjects) = preSolution
		{12C7EBF8-12BD-453E-8A7A-B830B124AE34} = {2D9EDDBB-F53F-4D98-8070-CBCE66CB0B76}
		{4BF23D77-9600-439E-8B8D-67E5D8123D4F} = {2D9EDDBB-F53F-4D98-8070-CBCE66CB0B76}
		{C57FBDDA-E7A2-46A3-864B-7A38A3A01F50} = {2D9EDDBB-F53F-4D98-8070-CBCE66CB0B76}
		{3D8C85D3-DDBD-4062-BE0A-B8B362158094} = {929BD72F-FE59-4AF7-88B5-8025ED08D586}
	EndGlobalSection
EndGlobal
